// !$*UTF8*$!
{
	archiveVersion = 1;
	classes = {
	};
	objectVersion = 50;
	objects = {

/* Begin PBXBuildFile section */
		1CE3613B20AE8853003BE90E /* AppDelegate.swift in Sources */ = {isa = PBXBuildFile; fileRef = 1CE3613A20AE8853003BE90E /* AppDelegate.swift */; };
		1CE3613D20AE8853003BE90E /* ViewController.swift in Sources */ = {isa = PBXBuildFile; fileRef = 1CE3613C20AE8853003BE90E /* ViewController.swift */; };
		1CE3614020AE8853003BE90E /* Main.storyboard in Resources */ = {isa = PBXBuildFile; fileRef = 1CE3613E20AE8853003BE90E /* Main.storyboard */; };
		1CE3614220AE8854003BE90E /* Assets.xcassets in Resources */ = {isa = PBXBuildFile; fileRef = 1CE3614120AE8854003BE90E /* Assets.xcassets */; };
		1CE3614520AE8854003BE90E /* LaunchScreen.storyboard in Resources */ = {isa = PBXBuildFile; fileRef = 1CE3614320AE8854003BE90E /* LaunchScreen.storyboard */; };
		1CE3615020AE8854003BE90E /* testAudioServicesPlaySystemSoundTests.swift in Sources */ = {isa = PBXBuildFile; fileRef = 1CE3614F20AE8854003BE90E /* testAudioServicesPlaySystemSoundTests.swift */; };
		1CE3615B20AE8854003BE90E /* testAudioServicesPlaySystemSoundUITests.swift in Sources */ = {isa = PBXBuildFile; fileRef = 1CE3615A20AE8854003BE90E /* testAudioServicesPlaySystemSoundUITests.swift */; };
/* End PBXBuildFile section */

/* Begin PBXContainerItemProxy section */
		1CE3614C20AE8854003BE90E /* PBXContainerItemProxy */ = {
			isa = PBXContainerItemProxy;
			containerPortal = 1CE3612F20AE8853003BE90E /* Project object */;
			proxyType = 1;
			remoteGlobalIDString = 1CE3613620AE8853003BE90E;
			remoteInfo = testAudioServicesPlaySystemSound;
		};
		1CE3615720AE8854003BE90E /* PBXContainerItemProxy */ = {
			isa = PBXContainerItemProxy;
			containerPortal = 1CE3612F20AE8853003BE90E /* Project object */;
			proxyType = 1;
			remoteGlobalIDString = 1CE3613620AE8853003BE90E;
			remoteInfo = testAudioServicesPlaySystemSound;
		};
/* End PBXContainerItemProxy section */

/* Begin PBXFileReference section */
		1CE3613720AE8853003BE90E /* testAudioServicesPlaySystemSound.app */ = {isa = PBXFileReference; explicitFileType = wrapper.application; includeInIndex = 0; path = testAudioServicesPlaySystemSound.app; sourceTree = BUILT_PRODUCTS_DIR; };
		1CE3613A20AE8853003BE90E /* AppDelegate.swift */ = {isa = PBXFileReference; lastKnownFileType = sourcecode.swift; path = AppDelegate.swift; sourceTree = "<group>"; };
		1CE3613C20AE8853003BE90E /* ViewController.swift */ = {isa = PBXFileReference; lastKnownFileType = sourcecode.swift; path = ViewController.swift; sourceTree = "<group>"; };
		1CE3613F20AE8853003BE90E /* Base */ = {isa = PBXFileReference; lastKnownFileType = file.storyboard; name = Base; path = Base.lproj/Main.storyboard; sourceTree = "<group>"; };
		1CE3614120AE8854003BE90E /* Assets.xcassets */ = {isa = PBXFileReference; lastKnownFileType = folder.assetcatalog; path = Assets.xcassets; sourceTree = "<group>"; };
		1CE3614420AE8854003BE90E /* Base */ = {isa = PBXFileReference; lastKnownFileType = file.storyboard; name = Base; path = Base.lproj/LaunchScreen.storyboard; sourceTree = "<group>"; };
		1CE3614620AE8854003BE90E /* Info.plist */ = {isa = PBXFileReference; lastKnownFileType = text.plist.xml; path = Info.plist; sourceTree = "<group>"; };
		1CE3614B20AE8854003BE90E /* testAudioServicesPlaySystemSoundTests.xctest */ = {isa = PBXFileReference; explicitFileType = wrapper.cfbundle; includeInIndex = 0; path = testAudioServicesPlaySystemSoundTests.xctest; sourceTree = BUILT_PRODUCTS_DIR; };
		1CE3614F20AE8854003BE90E /* testAudioServicesPlaySystemSoundTests.swift */ = {isa = PBXFileReference; lastKnownFileType = sourcecode.swift; path = testAudioServicesPlaySystemSoundTests.swift; sourceTree = "<group>"; };
		1CE3615120AE8854003BE90E /* Info.plist */ = {isa = PBXFileReference; lastKnownFileType = text.plist.xml; path = Info.plist; sourceTree = "<group>"; };
		1CE3615620AE8854003BE90E /* testAudioServicesPlaySystemSoundUITests.xctest */ = {isa = PBXFileReference; explicitFileType = wrapper.cfbundle; includeInIndex = 0; path = testAudioServicesPlaySystemSoundUITests.xctest; sourceTree = BUILT_PRODUCTS_DIR; };
		1CE3615A20AE8854003BE90E /* testAudioServicesPlaySystemSoundUITests.swift */ = {isa = PBXFileReference; lastKnownFileType = sourcecode.swift; path = testAudioServicesPlaySystemSoundUITests.swift; sourceTree = "<group>"; };
		1CE3615C20AE8854003BE90E /* Info.plist */ = {isa = PBXFileReference; lastKnownFileType = text.plist.xml; path = Info.plist; sourceTree = "<group>"; };
/* End PBXFileReference section */

/* Begin PBXFrameworksBuildPhase section */
		1CE3613420AE8853003BE90E /* Frameworks */ = {
			isa = PBXFrameworksBuildPhase;
			buildActionMask = 2147483647;
			files = (
			);
			runOnlyForDeploymentPostprocessing = 0;
		};
		1CE3614820AE8854003BE90E /* Frameworks */ = {
			isa = PBXFrameworksBuildPhase;
			buildActionMask = 2147483647;
			files = (
			);
			runOnlyForDeploymentPostprocessing = 0;
		};
		1CE3615320AE8854003BE90E /* Frameworks */ = {
			isa = PBXFrameworksBuildPhase;
			buildActionMask = 2147483647;
			files = (
			);
			runOnlyForDeploymentPostprocessing = 0;
		};
/* End PBXFrameworksBuildPhase section */

/* Begin PBXGroup section */
		1CE3612E20AE8853003BE90E = {
			isa = PBXGroup;
			children = (
				1CE3613920AE8853003BE90E /* testAudioServicesPlaySystemSound */,
				1CE3614E20AE8854003BE90E /* testAudioServicesPlaySystemSoundTests */,
				1CE3615920AE8854003BE90E /* testAudioServicesPlaySystemSoundUITests */,
				1CE3613820AE8853003BE90E /* Products */,
			);
			sourceTree = "<group>";
		};
		1CE3613820AE8853003BE90E /* Products */ = {
			isa = PBXGroup;
			children = (
				1CE3613720AE8853003BE90E /* testAudioServicesPlaySystemSound.app */,
				1CE3614B20AE8854003BE90E /* testAudioServicesPlaySystemSoundTests.xctest */,
				1CE3615620AE8854003BE90E /* testAudioServicesPlaySystemSoundUITests.xctest */,
			);
			name = Products;
			sourceTree = "<group>";
		};
		1CE3613920AE8853003BE90E /* testAudioServicesPlaySystemSound */ = {
			isa = PBXGroup;
			children = (
				1CE3613A20AE8853003BE90E /* AppDelegate.swift */,
				1CE3613C20AE8853003BE90E /* ViewController.swift */,
				1CE3613E20AE8853003BE90E /* Main.storyboard */,
				1CE3614120AE8854003BE90E /* Assets.xcassets */,
				1CE3614320AE8854003BE90E /* LaunchScreen.storyboard */,
				1CE3614620AE8854003BE90E /* Info.plist */,
			);
			path = testAudioServicesPlaySystemSound;
			sourceTree = "<group>";
		};
		1CE3614E20AE8854003BE90E /* testAudioServicesPlaySystemSoundTests */ = {
			isa = PBXGroup;
			children = (
				1CE3614F20AE8854003BE90E /* testAudioServicesPlaySystemSoundTests.swift */,
				1CE3615120AE8854003BE90E /* Info.plist */,
			);
			path = testAudioServicesPlaySystemSoundTests;
			sourceTree = "<group>";
		};
		1CE3615920AE8854003BE90E /* testAudioServicesPlaySystemSoundUITests */ = {
			isa = PBXGroup;
			children = (
				1CE3615A20AE8854003BE90E /* testAudioServicesPlaySystemSoundUITests.swift */,
				1CE3615C20AE8854003BE90E /* Info.plist */,
			);
			path = testAudioServicesPlaySystemSoundUITests;
			sourceTree = "<group>";
		};
/* End PBXGroup section */

/* Begin PBXNativeTarget section */
		1CE3613620AE8853003BE90E /* testAudioServicesPlaySystemSound */ = {
			isa = PBXNativeTarget;
			buildConfigurationList = 1CE3615F20AE8854003BE90E /* Build configuration list for PBXNativeTarget "testAudioServicesPlaySystemSound" */;
			buildPhases = (
				1CE3613320AE8853003BE90E /* Sources */,
				1CE3613420AE8853003BE90E /* Frameworks */,
				1CE3613520AE8853003BE90E /* Resources */,
			);
			buildRules = (
			);
			dependencies = (
			);
			name = testAudioServicesPlaySystemSound;
			productName = testAudioServicesPlaySystemSound;
			productReference = 1CE3613720AE8853003BE90E /* testAudioServicesPlaySystemSound.app */;
			productType = "com.apple.product-type.application";
		};
		1CE3614A20AE8854003BE90E /* testAudioServicesPlaySystemSoundTests */ = {
			isa = PBXNativeTarget;
			buildConfigurationList = 1CE3616220AE8854003BE90E /* Build configuration list for PBXNativeTarget "testAudioServicesPlaySystemSoundTests" */;
			buildPhases = (
				1CE3614720AE8854003BE90E /* Sources */,
				1CE3614820AE8854003BE90E /* Frameworks */,
				1CE3614920AE8854003BE90E /* Resources */,
			);
			buildRules = (
			);
			dependencies = (
				1CE3614D20AE8854003BE90E /* PBXTargetDependency */,
			);
			name = testAudioServicesPlaySystemSoundTests;
			productName = testAudioServicesPlaySystemSoundTests;
			productReference = 1CE3614B20AE8854003BE90E /* testAudioServicesPlaySystemSoundTests.xctest */;
			productType = "com.apple.product-type.bundle.unit-test";
		};
		1CE3615520AE8854003BE90E /* testAudioServicesPlaySystemSoundUITests */ = {
			isa = PBXNativeTarget;
			buildConfigurationList = 1CE3616520AE8854003BE90E /* Build configuration list for PBXNativeTarget "testAudioServicesPlaySystemSoundUITests" */;
			buildPhases = (
				1CE3615220AE8854003BE90E /* Sources */,
				1CE3615320AE8854003BE90E /* Frameworks */,
				1CE3615420AE8854003BE90E /* Resources */,
			);
			buildRules = (
			);
			dependencies = (
				1CE3615820AE8854003BE90E /* PBXTargetDependency */,
			);
			name = testAudioServicesPlaySystemSoundUITests;
			productName = testAudioServicesPlaySystemSoundUITests;
			productReference = 1CE3615620AE8854003BE90E /* testAudioServicesPlaySystemSoundUITests.xctest */;
			productType = "com.apple.product-type.bundle.ui-testing";
		};
/* End PBXNativeTarget section */

/* Begin PBXProject section */
		1CE3612F20AE8853003BE90E /* Project object */ = {
			isa = PBXProject;
			attributes = {
				LastSwiftUpdateCheck = 0930;
				LastUpgradeCheck = 0930;
				ORGANIZATIONNAME = osu;
				TargetAttributes = {
					1CE3613620AE8853003BE90E = {
						CreatedOnToolsVersion = 9.3;
					};
					1CE3614A20AE8854003BE90E = {
						CreatedOnToolsVersion = 9.3;
						TestTargetID = 1CE3613620AE8853003BE90E;
					};
					1CE3615520AE8854003BE90E = {
						CreatedOnToolsVersion = 9.3;
						TestTargetID = 1CE3613620AE8853003BE90E;
					};
				};
			};
			buildConfigurationList = 1CE3613220AE8853003BE90E /* Build configuration list for PBXProject "testAudioServicesPlaySystemSound" */;
			compatibilityVersion = "Xcode 9.3";
			developmentRegion = en;
			hasScannedForEncodings = 0;
			knownRegions = (
				en,
				Base,
			);
			mainGroup = 1CE3612E20AE8853003BE90E;
			productRefGroup = 1CE3613820AE8853003BE90E /* Products */;
			projectDirPath = "";
			projectRoot = "";
			targets = (
				1CE3613620AE8853003BE90E /* testAudioServicesPlaySystemSound */,
				1CE3614A20AE8854003BE90E /* testAudioServicesPlaySystemSoundTests */,
				1CE3615520AE8854003BE90E /* testAudioServicesPlaySystemSoundUITests */,
			);
		};
/* End PBXProject section */

/* Begin PBXResourcesBuildPhase section */
		1CE3613520AE8853003BE90E /* Resources */ = {
			isa = PBXResourcesBuildPhase;
			buildActionMask = 2147483647;
			files = (
				1CE3614520AE8854003BE90E /* LaunchScreen.storyboard in Resources */,
				1CE3614220AE8854003BE90E /* Assets.xcassets in Resources */,
				1CE3614020AE8853003BE90E /* Main.storyboard in Resources */,
			);
			runOnlyForDeploymentPostprocessing = 0;
		};
		1CE3614920AE8854003BE90E /* Resources */ = {
			isa = PBXResourcesBuildPhase;
			buildActionMask = 2147483647;
			files = (
			);
			runOnlyForDeploymentPostprocessing = 0;
		};
		1CE3615420AE8854003BE90E /* Resources */ = {
			isa = PBXResourcesBuildPhase;
			buildActionMask = 2147483647;
			files = (
			);
			runOnlyForDeploymentPostprocessing = 0;
		};
/* End PBXResourcesBuildPhase section */

/* Begin PBXSourcesBuildPhase section */
		1CE3613320AE8853003BE90E /* Sources */ = {
			isa = PBXSourcesBuildPhase;
			buildActionMask = 2147483647;
			files = (
				1CE3613D20AE8853003BE90E /* ViewController.swift in Sources */,
				1CE3613B20AE8853003BE90E /* AppDelegate.swift in Sources */,
			);
			runOnlyForDeploymentPostprocessing = 0;
		};
		1CE3614720AE8854003BE90E /* Sources */ = {
			isa = PBXSourcesBuildPhase;
			buildActionMask = 2147483647;
			files = (
				1CE3615020AE8854003BE90E /* testAudioServicesPlaySystemSoundTests.swift in Sources */,
			);
			runOnlyForDeploymentPostprocessing = 0;
		};
		1CE3615220AE8854003BE90E /* Sources */ = {
			isa = PBXSourcesBuildPhase;
			buildActionMask = 2147483647;
			files = (
				1CE3615B20AE8854003BE90E /* testAudioServicesPlaySystemSoundUITests.swift in Sources */,
			);
			runOnlyForDeploymentPostprocessing = 0;
		};
/* End PBXSourcesBuildPhase section */

/* Begin PBXTargetDependency section */
		1CE3614D20AE8854003BE90E /* PBXTargetDependency */ = {
			isa = PBXTargetDependency;
			target = 1CE3613620AE8853003BE90E /* testAudioServicesPlaySystemSound */;
			targetProxy = 1CE3614C20AE8854003BE90E /* PBXContainerItemProxy */;
		};
		1CE3615820AE8854003BE90E /* PBXTargetDependency */ = {
			isa = PBXTargetDependency;
			target = 1CE3613620AE8853003BE90E /* testAudioServicesPlaySystemSound */;
			targetProxy = 1CE3615720AE8854003BE90E /* PBXContainerItemProxy */;
		};
/* End PBXTargetDependency section */

/* Begin PBXVariantGroup section */
		1CE3613E20AE8853003BE90E /* Main.storyboard */ = {
			isa = PBXVariantGroup;
			children = (
				1CE3613F20AE8853003BE90E /* Base */,
			);
			name = Main.storyboard;
			sourceTree = "<group>";
		};
		1CE3614320AE8854003BE90E /* LaunchScreen.storyboard */ = {
			isa = PBXVariantGroup;
			children = (
				1CE3614420AE8854003BE90E /* Base */,
			);
			name = LaunchScreen.storyboard;
			sourceTree = "<group>";
		};
/* End PBXVariantGroup section */

/* Begin XCBuildConfiguration section */
		1CE3615D20AE8854003BE90E /* Debug */ = {
			isa = XCBuildConfiguration;
			buildSettings = {
				ALWAYS_SEARCH_USER_PATHS = NO;
				CLANG_ANALYZER_NONNULL = YES;
				CLANG_ANALYZER_NUMBER_OBJECT_CONVERSION = YES_AGGRESSIVE;
				CLANG_CXX_LANGUAGE_STANDARD = "gnu++14";
				CLANG_CXX_LIBRARY = "libc++";
				CLANG_ENABLE_MODULES = YES;
				CLANG_ENABLE_OBJC_ARC = YES;
				CLANG_ENABLE_OBJC_WEAK = YES;
				CLANG_WARN_BLOCK_CAPTURE_AUTORELEASING = YES;
				CLANG_WARN_BOOL_CONVERSION = YES;
				CLANG_WARN_COMMA = YES;
				CLANG_WARN_CONSTANT_CONVERSION = YES;
				CLANG_WARN_DEPRECATED_OBJC_IMPLEMENTATIONS = YES;
				CLANG_WARN_DIRECT_OBJC_ISA_USAGE = YES_ERROR;
				CLANG_WARN_DOCUMENTATION_COMMENTS = YES;
				CLANG_WARN_EMPTY_BODY = YES;
				CLANG_WARN_ENUM_CONVERSION = YES;
				CLANG_WARN_INFINITE_RECURSION = YES;
				CLANG_WARN_INT_CONVERSION = YES;
				CLANG_WARN_NON_LITERAL_NULL_CONVERSION = YES;
				CLANG_WARN_OBJC_IMPLICIT_RETAIN_SELF = YES;
				CLANG_WARN_OBJC_LITERAL_CONVERSION = YES;
				CLANG_WARN_OBJC_ROOT_CLASS = YES_ERROR;
				CLANG_WARN_RANGE_LOOP_ANALYSIS = YES;
				CLANG_WARN_STRICT_PROTOTYPES = YES;
				CLANG_WARN_SUSPICIOUS_MOVE = YES;
				CLANG_WARN_UNGUARDED_AVAILABILITY = YES_AGGRESSIVE;
				CLANG_WARN_UNREACHABLE_CODE = YES;
				CLANG_WARN__DUPLICATE_METHOD_MATCH = YES;
				CODE_SIGN_IDENTITY = "iPhone Developer";
				COPY_PHASE_STRIP = NO;
				DEBUG_INFORMATION_FORMAT = dwarf;
				ENABLE_STRICT_OBJC_MSGSEND = YES;
				ENABLE_TESTABILITY = YES;
				GCC_C_LANGUAGE_STANDARD = gnu11;
				GCC_DYNAMIC_NO_PIC = NO;
				GCC_NO_COMMON_BLOCKS = YES;
				GCC_OPTIMIZATION_LEVEL = 0;
				GCC_PREPROCESSOR_DEFINITIONS = (
					"DEBUG=1",
					"$(inherited)",
				);
				GCC_WARN_64_TO_32_BIT_CONVERSION = YES;
				GCC_WARN_ABOUT_RETURN_TYPE = YES_ERROR;
				GCC_WARN_UNDECLARED_SELECTOR = YES;
				GCC_WARN_UNINITIALIZED_AUTOS = YES_AGGRESSIVE;
				GCC_WARN_UNUSED_FUNCTION = YES;
				GCC_WARN_UNUSED_VARIABLE = YES;
				IPHONEOS_DEPLOYMENT_TARGET = 11.3;
				MTL_ENABLE_DEBUG_INFO = YES;
				ONLY_ACTIVE_ARCH = YES;
				SDKROOT = iphoneos;
				SWIFT_ACTIVE_COMPILATION_CONDITIONS = DEBUG;
				SWIFT_OPTIMIZATION_LEVEL = "-Onone";
			};
			name = Debug;
		};
		1CE3615E20AE8854003BE90E /* Release */ = {
			isa = XCBuildConfiguration;
			buildSettings = {
				ALWAYS_SEARCH_USER_PATHS = NO;
				CLANG_ANALYZER_NONNULL = YES;
				CLANG_ANALYZER_NUMBER_OBJECT_CONVERSION = YES_AGGRESSIVE;
				CLANG_CXX_LANGUAGE_STANDARD = "gnu++14";
				CLANG_CXX_LIBRARY = "libc++";
				CLANG_ENABLE_MODULES = YES;
				CLANG_ENABLE_OBJC_ARC = YES;
				CLANG_ENABLE_OBJC_WEAK = YES;
				CLANG_WARN_BLOCK_CAPTURE_AUTORELEASING = YES;
				CLANG_WARN_BOOL_CONVERSION = YES;
				CLANG_WARN_COMMA = YES;
				CLANG_WARN_CONSTANT_CONVERSION = YES;
				CLANG_WARN_DEPRECATED_OBJC_IMPLEMENTATIONS = YES;
				CLANG_WARN_DIRECT_OBJC_ISA_USAGE = YES_ERROR;
				CLANG_WARN_DOCUMENTATION_COMMENTS = YES;
				CLANG_WARN_EMPTY_BODY = YES;
				CLANG_WARN_ENUM_CONVERSION = YES;
				CLANG_WARN_INFINITE_RECURSION = YES;
				CLANG_WARN_INT_CONVERSION = YES;
				CLANG_WARN_NON_LITERAL_NULL_CONVERSION = YES;
				CLANG_WARN_OBJC_IMPLICIT_RETAIN_SELF = YES;
				CLANG_WARN_OBJC_LITERAL_CONVERSION = YES;
				CLANG_WARN_OBJC_ROOT_CLASS = YES_ERROR;
				CLANG_WARN_RANGE_LOOP_ANALYSIS = YES;
				CLANG_WARN_STRICT_PROTOTYPES = YES;
				CLANG_WARN_SUSPICIOUS_MOVE = YES;
				CLANG_WARN_UNGUARDED_AVAILABILITY = YES_AGGRESSIVE;
				CLANG_WARN_UNREACHABLE_CODE = YES;
				CLANG_WARN__DUPLICATE_METHOD_MATCH = YES;
				CODE_SIGN_IDENTITY = "iPhone Developer";
				COPY_PHASE_STRIP = NO;
				DEBUG_INFORMATION_FORMAT = "dwarf-with-dsym";
				ENABLE_NS_ASSERTIONS = NO;
				ENABLE_STRICT_OBJC_MSGSEND = YES;
				GCC_C_LANGUAGE_STANDARD = gnu11;
				GCC_NO_COMMON_BLOCKS = YES;
				GCC_WARN_64_TO_32_BIT_CONVERSION = YES;
				GCC_WARN_ABOUT_RETURN_TYPE = YES_ERROR;
				GCC_WARN_UNDECLARED_SELECTOR = YES;
				GCC_WARN_UNINITIALIZED_AUTOS = YES_AGGRESSIVE;
				GCC_WARN_UNUSED_FUNCTION = YES;
				GCC_WARN_UNUSED_VARIABLE = YES;
				IPHONEOS_DEPLOYMENT_TARGET = 11.3;
				MTL_ENABLE_DEBUG_INFO = NO;
				SDKROOT = iphoneos;
				SWIFT_COMPILATION_MODE = wholemodule;
				SWIFT_OPTIMIZATION_LEVEL = "-O";
				VALIDATE_PRODUCT = YES;
			};
			name = Release;
		};
		1CE3616020AE8854003BE90E /* Debug */ = {
			isa = XCBuildConfiguration;
			buildSettings = {
				ASSETCATALOG_COMPILER_APPICON_NAME = AppIcon;
				CODE_SIGN_STYLE = Automatic;
				DEVELOPMENT_TEAM = Q4N56BM5RN;
				INFOPLIST_FILE = testAudioServicesPlaySystemSound/Info.plist;
				LD_RUNPATH_SEARCH_PATHS = (
					"$(inherited)",
					"@executable_path/Frameworks",
				);
				PRODUCT_BUNDLE_IDENTIFIER = com.mycity.testAudioServicesPlaySystemSound;
				PRODUCT_NAME = "$(TARGET_NAME)";
				SWIFT_VERSION = 4.0;
				TARGETED_DEVICE_FAMILY = "1,2";
			};
			name = Debug;
		};
		1CE3616120AE8854003BE90E /* Release */ = {
			isa = XCBuildConfiguration;
			buildSettings = {
				ASSETCATALOG_COMPILER_APPICON_NAME = AppIcon;
				CODE_SIGN_STYLE = Automatic;
				DEVELOPMENT_TEAM = Q4N56BM5RN;
				INFOPLIST_FILE = testAudioServicesPlaySystemSound/Info.plist;
				LD_RUNPATH_SEARCH_PATHS = (
					"$(inherited)",
					"@executable_path/Frameworks",
				);
				PRODUCT_BUNDLE_IDENTIFIER = com.mycity.testAudioServicesPlaySystemSound;
				PRODUCT_NAME = "$(TARGET_NAME)";
				SWIFT_VERSION = 4.0;
				TARGETED_DEVICE_FAMILY = "1,2";
			};
			name = Release;
		};
		1CE3616320AE8854003BE90E /* Debug */ = {
			isa = XCBuildConfiguration;
			buildSettings = {
				ALWAYS_EMBED_SWIFT_STANDARD_LIBRARIES = YES;
				BUNDLE_LOADER = "$(TEST_HOST)";
				CODE_SIGN_STYLE = Automatic;
				DEVELOPMENT_TEAM = Q4N56BM5RN;
				INFOPLIST_FILE = testAudioServicesPlaySystemSoundTests/Info.plist;
				LD_RUNPATH_SEARCH_PATHS = (
					"$(inherited)",
					"@executable_path/Frameworks",
					"@loader_path/Frameworks",
				);
				PRODUCT_BUNDLE_IDENTIFIER = com.mycity.testAudioServicesPlaySystemSoundTests;
				PRODUCT_NAME = "$(TARGET_NAME)";
				SWIFT_VERSION = 4.0;
				TARGETED_DEVICE_FAMILY = "1,2";
				TEST_HOST = "$(BUILT_PRODUCTS_DIR)/testAudioServicesPlaySystemSound.app/testAudioServicesPlaySystemSound";
			};
			name = Debug;
		};
		1CE3616420AE8854003BE90E /* Release */ = {
			isa = XCBuildConfiguration;
			buildSettings = {
				ALWAYS_EMBED_SWIFT_STANDARD_LIBRARIES = YES;
				BUNDLE_LOADER = "$(TEST_HOST)";
				CODE_SIGN_STYLE = Automatic;
				DEVELOPMENT_TEAM = Q4N56BM5RN;
				INFOPLIST_FILE = testAudioServicesPlaySystemSoundTests/Info.plist;
				LD_RUNPATH_SEARCH_PATHS = (
					"$(inherited)",
					"@executable_path/Frameworks",
					"@loader_path/Frameworks",
				);
				PRODUCT_BUNDLE_IDENTIFIER = com.mycity.testAudioServicesPlaySystemSoundTests;
				PRODUCT_NAME = "$(TARGET_NAME)";
				SWIFT_VERSION = 4.0;
				TARGETED_DEVICE_FAMILY = "1,2";
				TEST_HOST = "$(BUILT_PRODUCTS_DIR)/testAudioServicesPlaySystemSound.app/testAudioServicesPlaySystemSound";
			};
			name = Release;
		};
		1CE3616620AE8854003BE90E /* Debug */ = {
			isa = XCBuildConfiguration;
			buildSettings = {
				ALWAYS_EMBED_SWIFT_STANDARD_LIBRARIES = YES;
				CODE_SIGN_STYLE = Automatic;
				DEVELOPMENT_TEAM = Q4N56BM5RN;
				INFOPLIST_FILE = testAudioServicesPlaySystemSoundUITests/Info.plist;
				LD_RUNPATH_SEARCH_PATHS = (
					"$(inherited)",
					"@executable_path/Frameworks",
					"@loader_path/Frameworks",
				);
				PRODUCT_BUNDLE_IDENTIFIER = com.mycity.testAudioServicesPlaySystemSoundUITests;
				PRODUCT_NAME = "$(TARGET_NAME)";
				SWIFT_VERSION = 4.0;
				TARGETED_DEVICE_FAMILY = "1,2";
				TEST_TARGET_NAME = testAudioServicesPlaySystemSound;
			};
			name = Debug;
		};
		1CE3616720AE8854003BE90E /* Release */ = {
			isa = XCBuildConfiguration;
			buildSettings = {
				ALWAYS_EMBED_SWIFT_STANDARD_LIBRARIES = YES;
				CODE_SIGN_STYLE = Automatic;
				DEVELOPMENT_TEAM = Q4N56BM5RN;
				INFOPLIST_FILE = testAudioServicesPlaySystemSoundUITests/Info.plist;
				LD_RUNPATH_SEARCH_PATHS = (
					"$(inherited)",
					"@executable_path/Frameworks",
					"@loader_path/Frameworks",
				);
				PRODUCT_BUNDLE_IDENTIFIER = com.mycity.testAudioServicesPlaySystemSoundUITests;
				PRODUCT_NAME = "$(TARGET_NAME)";
				SWIFT_VERSION = 4.0;
				TARGETED_DEVICE_FAMILY = "1,2";
				TEST_TARGET_NAME = testAudioServicesPlaySystemSound;
			};
			name = Release;
		};
/* End XCBuildConfiguration section */

/* Begin XCConfigurationList section */
		1CE3613220AE8853003BE90E /* Build configuration list for PBXProject "testAudioServicesPlaySystemSound" */ = {
			isa = XCConfigurationList;
			buildConfigurations = (
				1CE3615D20AE8854003BE90E /* Debug */,
				1CE3615E20AE8854003BE90E /* Release */,
			);
			defaultConfigurationIsVisible = 0;
			defaultConfigurationName = Release;
		};
		1CE3615F20AE8854003BE90E /* Build configuration list for PBXNativeTarget "testAudioServicesPlaySystemSound" */ = {
			isa = XCConfigurationList;
			buildConfigurations = (
				1CE3616020AE8854003BE90E /* Debug */,
				1CE3616120AE8854003BE90E /* Release */,
			);
			defaultConfigurationIsVisible = 0;
			defaultConfigurationName = Release;
		};
		1CE3616220AE8854003BE90E /* Build configuration list for PBXNativeTarget "testAudioServicesPlaySystemSoundTests" */ = {
			isa = XCConfigurationList;
			buildConfigurations = (
				1CE3616320AE8854003BE90E /* Debug */,
				1CE3616420AE8854003BE90E /* Release */,
			);
			defaultConfigurationIsVisible = 0;
			defaultConfigurationName = Release;
		};
		1CE3616520AE8854003BE90E /* Build configuration list for PBXNativeTarget "testAudioServicesPlaySystemSoundUITests" */ = {
			isa = XCConfigurationList;
			buildConfigurations = (
				1CE3616620AE8854003BE90E /* Debug */,
				1CE3616720AE8854003BE90E /* Release */,
			);
			defaultConfigurationIsVisible = 0;
			defaultConfigurationName = Release;
		};
/* End XCConfigurationList section */
	};
	rootObject = 1CE3612F20AE8853003BE90E /* Project object */;
}
